{
  "name": "texmediator",
  "version": "1.0.0",
  "lockfileVersion": 3,
  "requires": true,
  "packages": {
    "": {
      "name": "texmediator",
      "version": "1.0.0",
      "dependencies": {
        "stripe": "22.4.0"
      },
      "engines": {
        "node": ">=22"
      }
    },
    "node_modules/stripe": {
      "version": "22.4.0",
      "resolved": "https://registry.npmjs.org/stripe/-/stripe-22.4.0.tgz",
      "integrity": "sha512-LVJ+tcSYeqOSnXr3i+Kz2tZ7y0crLLdP2uwD/4wccrmEVyn0g/Heo0pF7as7rxS/sOjJzrb1lxgZY0Y0Dx1pSA==",
      "license": "MIT",
      "engines": {
        "node": ">=18"
      },
      "peerDependencies": {
        "@types/node": ">=18"
      },
      "peerDependenciesMeta": {
        "@types/node": {
          "optional": true
        }
      }
    }
  }
}
